
Microsoft Visual Studio Solution File, Format Version 12.00
# Visual Studio Version 16
VisualStudioVersion = 16.0.32228.343
MinimumVisualStudioVersion = 10.0.40219.1
Project("{9A19103F-16F7-4668-BE54-9A1E7A4F7556}") = "MedicareDB2", "MedicareDB2\MedicareDB2.csproj", "{B8CDD175-46DA-4861-A8D0-900FF117265F}"
EndProject
Project("{FAE04EC0-301F-11D3-BF4B-00C04F79EFBC}") = "MediCareDB2Tests", "MediCareDB2Tests\MediCareDB2Tests.csproj", "{7AEFD9B4-8386-4056-9FA6-25ECDF1F4653}"
EndProject
Global
	GlobalSection(SolutionConfigurationPlatforms) = preSolution
		Debug|Any CPU = Debug|Any CPU
		Release|Any CPU = Release|Any CPU
	EndGlobalSection
	GlobalSection(ProjectConfigurationPlatforms) = postSolution
		{B8CDD175-46DA-4861-A8D0-900FF117265F}.Debug|Any CPU.ActiveCfg = Debug|Any CPU
		{B8CDD175-46DA-4861-A8D0-900FF117265F}.Debug|Any CPU.Build.0 = Debug|Any CPU
		{B8CDD175-46DA-4861-A8D0-900FF117265F}.Release|Any CPU.ActiveCfg = Release|Any CPU
		{B8CDD175-46DA-4861-A8D0-900FF117265F}.Release|Any CPU.Build.0 = Release|Any CPU
		{7AEFD9B4-8386-4056-9FA6-25ECDF1F4653}.Debug|Any CPU.ActiveCfg = Debug|Any CPU
		{7AEFD9B4-8386-4056-9FA6-25ECDF1F4653}.Debug|Any CPU.Build.0 = Debug|Any CPU
		{7AEFD9B4-8386-4056-9FA6-25ECDF1F4653}.Release|Any CPU.ActiveCfg = Release|Any CPU
		{7AEFD9B4-8386-4056-9FA6-25ECDF1F4653}.Release|Any CPU.Build.0 = Release|Any CPU
	EndGlobalSection
	GlobalSection(SolutionProperties) = preSolution
		HideSolutionNode = FALSE
	EndGlobalSection
	GlobalSection(ExtensibilityGlobals) = postSolution
		SolutionGuid = {344C9A99-84F0-450F-996F-AFA7F607252A}
	EndGlobalSection
EndGlobal
